
Microsoft Visual Studio Solution File, Format Version 12.00
# Visual Studio Version 17
VisualStudioVersion = 17.2.32602.215
MinimumVisualStudioVersion = 10.0.40219.1
Project("{2150E333-8FDC-42A3-9474-1A3956D46DE8}") = "src", "src", "{6096770A-37AC-470A-83B9-9834FF706DEF}"
EndProject
Project("{FAE04EC0-301F-11D3-BF4B-00C04F79EFBC}") = "EndPoint", "EndPoint\EndPoint.csproj", "{D8C973AF-C773-4F13-B362-C27D50CEDC31}"
EndProject
Project("{FAE04EC0-301F-11D3-BF4B-00C04F79EFBC}") = "Core", "Core\Core.csproj", "{C39EB83B-9FF0-474D-B7EE-542EF051A479}"
EndProject
Global
	GlobalSection(SolutionConfigurationPlatforms) = preSolution
		Debug|Any CPU = Debug|Any CPU
		Release|Any CPU = Release|Any CPU
	EndGlobalSection
	GlobalSection(ProjectConfigurationPlatforms) = postSolution
		{D8C973AF-C773-4F13-B362-C27D50CEDC31}.Debug|Any CPU.ActiveCfg = Debug|Any CPU
		{D8C973AF-C773-4F13-B362-C27D50CEDC31}.Debug|Any CPU.Build.0 = Debug|Any CPU
		{D8C973AF-C773-4F13-B362-C27D50CEDC31}.Release|Any CPU.ActiveCfg = Release|Any CPU
		{D8C973AF-C773-4F13-B362-C27D50CEDC31}.Release|Any CPU.Build.0 = Release|Any CPU
		{C39EB83B-9FF0-474D-B7EE-542EF051A479}.Debug|Any CPU.ActiveCfg = Debug|Any CPU
		{C39EB83B-9FF0-474D-B7EE-542EF051A479}.Debug|Any CPU.Build.0 = Debug|Any CPU
		{C39EB83B-9FF0-474D-B7EE-542EF051A479}.Release|Any CPU.ActiveCfg = Release|Any CPU
		{C39EB83B-9FF0-474D-B7EE-542EF051A479}.Release|Any CPU.Build.0 = Release|Any CPU
	EndGlobalSection
	GlobalSection(SolutionProperties) = preSolution
		HideSolutionNode = FALSE
	EndGlobalSection
	GlobalSection(NestedProjects) = preSolution
		{D8C973AF-C773-4F13-B362-C27D50CEDC31} = {6096770A-37AC-470A-83B9-9834FF706DEF}
		{C39EB83B-9FF0-474D-B7EE-542EF051A479} = {6096770A-37AC-470A-83B9-9834FF706DEF}
	EndGlobalSection
	GlobalSection(ExtensibilityGlobals) = postSolution
		SolutionGuid = {91DDAA7B-73D9-40A0-8EE7-334855FF825C}
	EndGlobalSection
EndGlobal
